{
  "version": 4,
  "terraform_version": "1.15.4",
  "serial": 13,
  "lineage": "439e3ef5-1fb2-7b7e-9ea3-76f839b22c68",
  "outputs": {
    "app_url": {
      "value": "https://74.248.34.125",
      "type": "string"
    },
    "public_ip_address": {
      "value": "74.248.34.125",
      "type": "string"
    },
    "ssh_command": {
      "value": "ssh azureuser@74.248.34.125",
      "type": "string"
    },
    "vm_name": {
      "value": "tc-vm",
      "type": "string"
    }
  },
  "resources": [
    {
      "mode": "managed",
      "type": "azurerm_linux_virtual_machine",
      "name": "main",
      "provider": "provider[\"registry.terraform.io/hashicorp/azurerm\"]",
      "instances": [
        {
          "schema_version": 0,
          "attributes": {
            "additional_capabilities": [],
            "admin_password": null,
            "admin_ssh_key": [
              {
                "public_key": "ssh-rsa AAAAB3NzaC1yc2EAAAADAQABAAACAQCrDf7f786l7lVkU1134ardIzM/cd0ddYzeyqaCaanZYgpsRGM8J/v65lCjaxvPCcI8e/aOX9wfbE20jh6El3W+4fY6Rhs2Y4G21MC6dW2CNzIITSC3ra42u5uLmPg75f8ZLDcNeIHfKsFml1O6dTtEWqOB4H73Wwtz4LAg51Vv/4RHAAsohykRyev24kx0JeA/qZig+cwrj1NLYE11Ti0iFv/3WA3vGqDelClA/M73P1zjbT2A1IYB3Q7rlDfabeUwxsRMU9iCk+nMbcrByqCWPlgD8Z9pdlB2NZunWZPkqBIKES69x3WnSn8XsGnKv/L+sOeY4O6+A7Wma7Qm6HCAnT+Xanr+ImHqSIf2Eki/U0cUW9kPnxBRCYKV1BWLFcXiDe/4H3aeLlRb8YFfSuxExdZ3I1Nfw3vTpW/Rc5QinFFe0OGwzPzqQox15H/4I66yL2yAKPZdzs24+eVjqJTRHpgcSs44xdNGm1fqjIznucn61n4mN1J20XTnOHebkwAyEpO+BEambBltfDijdvb27YS/j2OtL8fNjpFhuATdUfeM0K+O4Q3vMM9AbK2kAeeNLnN74e7L6AqHnZiwLtLxqiYJ/L6E6CEQT5V68nErgbImWbQRicCelJEX4q+qj4EC6K30HkdMTKnjGPSEploBkO9EAsQOQDvAXKGNqnVqXQ== erni@tsukuyomi",
                "username": "azureuser"
              }
            ],
            "admin_username": "azureuser",
            "allow_extension_operations": true,
            "availability_set_id": "",
            "boot_diagnostics": [],
            "bypass_platform_safety_checks_on_user_schedule_enabled": false,
            "capacity_reservation_group_id": "",
            "computer_name": "tc-vm",
            "custom_data": "IyEvYmluL2Jhc2gKYXB0LWdldCB1cGRhdGUKYXB0LWdldCBpbnN0YWxsIC15IGRvY2tlci5pbyBkb2NrZXItY29tcG9zZS1wbHVnaW4gZ2l0CnN5c3RlbWN0bCBlbmFibGUgZG9ja2VyCnN5c3RlbWN0bCBzdGFydCBkb2NrZXIKdXNlcm1vZCAtYUcgZG9ja2VyIGF6dXJldXNlcgpta2RpciAtcCAvb3B0L2FwcApjaG93biBhenVyZXVzZXI6YXp1cmV1c2VyIC9vcHQvYXBwCg==",
            "dedicated_host_group_id": "",
            "dedicated_host_id": "",
            "disable_password_authentication": true,
            "disk_controller_type": "SCSI",
            "edge_zone": "",
            "encryption_at_host_enabled": false,
            "eviction_policy": "",
            "extensions_time_budget": "PT1H30M",
            "gallery_application": [],
            "id": "/subscriptions/53171801-8b3f-4891-ab9b-934713e94009/resourceGroups/rg-technologie-chmurowe/providers/Microsoft.Compute/virtualMachines/tc-vm",
            "identity": [],
            "license_type": "",
            "location": "polandcentral",
            "max_bid_price": -1,
            "name": "tc-vm",
            "network_interface_ids": [
              "/subscriptions/53171801-8b3f-4891-ab9b-934713e94009/resourceGroups/rg-technologie-chmurowe/providers/Microsoft.Network/networkInterfaces/tc-nic"
            ],
            "os_disk": [
              {
                "caching": "ReadWrite",
                "diff_disk_settings": [],
                "disk_encryption_set_id": "",
                "disk_size_gb": 30,
                "name": "tc-vm_OsDisk_1_8379e964945f453c9b6a47d2413b62ae",
                "secure_vm_disk_encryption_set_id": "",
                "security_encryption_type": "",
                "storage_account_type": "Standard_LRS",
                "write_accelerator_enabled": false
              }
            ],
            "os_image_notification": [],
            "patch_assessment_mode": "ImageDefault",
            "patch_mode": "ImageDefault",
            "plan": [],
            "platform_fault_domain": -1,
            "priority": "Regular",
            "private_ip_address": "10.0.1.4",
            "private_ip_addresses": [
              "10.0.1.4"
            ],
            "provision_vm_agent": true,
            "proximity_placement_group_id": "",
            "public_ip_address": "74.248.34.125",
            "public_ip_addresses": [
              "74.248.34.125"
            ],
            "reboot_setting": "",
            "resource_group_name": "rg-technologie-chmurowe",
            "secret": [],
            "secure_boot_enabled": false,
            "size": "Standard_D2s_v3",
            "source_image_id": "",
            "source_image_reference": [
              {
                "offer": "0001-com-ubuntu-server-jammy",
                "publisher": "Canonical",
                "sku": "22_04-lts-gen2",
                "version": "latest"
              }
            ],
            "tags": null,
            "termination_notification": null,
            "timeouts": null,
            "user_data": "",
            "virtual_machine_id": "51f7b0a8-e1cc-4bf3-b29f-1a8e7bccc7d8",
            "virtual_machine_scale_set_id": "",
            "vm_agent_platform_updates_enabled": false,
            "vtpm_enabled": false,
            "zone": ""
          },
          "sensitive_attributes": [
            [
              {
                "type": "get_attr",
                "value": "admin_password"
              }
            ],
            [
              {
                "type": "get_attr",
                "value": "custom_data"
              }
            ]
          ],
          "identity_schema_version": 0,
          "private": "eyJlMmJmYjczMC1lY2FhLTExZTYtOGY4OC0zNDM2M2JjN2M0YzAiOnsiY3JlYXRlIjoyNzAwMDAwMDAwMDAwLCJkZWxldGUiOjI3MDAwMDAwMDAwMDAsInJlYWQiOjMwMDAwMDAwMDAwMCwidXBkYXRlIjoyNzAwMDAwMDAwMDAwfX0=",
          "dependencies": [
            "azurerm_network_interface.main",
            "azurerm_public_ip.main",
            "azurerm_resource_group.main",
            "azurerm_subnet.main",
            "azurerm_virtual_network.main"
          ]
        }
      ]
    },
    {
      "mode": "managed",
      "type": "azurerm_network_interface",
      "name": "main",
      "provider": "provider[\"registry.terraform.io/hashicorp/azurerm\"]",
      "instances": [
        {
          "schema_version": 0,
          "attributes": {
            "accelerated_networking_enabled": false,
            "applied_dns_servers": [],
            "auxiliary_mode": "",
            "auxiliary_sku": "",
            "dns_servers": [],
            "edge_zone": "",
            "enable_accelerated_networking": false,
            "enable_ip_forwarding": false,
            "id": "/subscriptions/53171801-8b3f-4891-ab9b-934713e94009/resourceGroups/rg-technologie-chmurowe/providers/Microsoft.Network/networkInterfaces/tc-nic",
            "internal_dns_name_label": "",
            "internal_domain_name_suffix": "nbdkkd2qngbepnpvtdt0iq0veb.wawx.internal.cloudapp.net",
            "ip_configuration": [
              {
                "gateway_load_balancer_frontend_ip_configuration_id": "",
                "name": "internal",
                "primary": true,
                "private_ip_address": "10.0.1.4",
                "private_ip_address_allocation": "Dynamic",
                "private_ip_address_version": "IPv4",
                "public_ip_address_id": "/subscriptions/53171801-8b3f-4891-ab9b-934713e94009/resourceGroups/rg-technologie-chmurowe/providers/Microsoft.Network/publicIPAddresses/tc-pip",
                "subnet_id": "/subscriptions/53171801-8b3f-4891-ab9b-934713e94009/resourceGroups/rg-technologie-chmurowe/providers/Microsoft.Network/virtualNetworks/tc-vnet/subnets/tc-subnet"
              }
            ],
            "ip_forwarding_enabled": false,
            "location": "polandcentral",
            "mac_address": "",
            "name": "tc-nic",
            "private_ip_address": "10.0.1.4",
            "private_ip_addresses": [
              "10.0.1.4"
            ],
            "resource_group_name": "rg-technologie-chmurowe",
            "tags": {},
            "timeouts": null,
            "virtual_machine_id": ""
          },
          "sensitive_attributes": [],
          "identity_schema_version": 0,
          "private": "eyJlMmJmYjczMC1lY2FhLTExZTYtOGY4OC0zNDM2M2JjN2M0YzAiOnsiY3JlYXRlIjoxODAwMDAwMDAwMDAwLCJkZWxldGUiOjE4MDAwMDAwMDAwMDAsInJlYWQiOjMwMDAwMDAwMDAwMCwidXBkYXRlIjoxODAwMDAwMDAwMDAwfX0=",
          "dependencies": [
            "azurerm_public_ip.main",
            "azurerm_resource_group.main",
            "azurerm_subnet.main",
            "azurerm_virtual_network.main"
          ]
        }
      ]
    },
    {
      "mode": "managed",
      "type": "azurerm_network_interface_security_group_association",
      "name": "main",
      "provider": "provider[\"registry.terraform.io/hashicorp/azurerm\"]",
      "instances": [
        {
          "schema_version": 0,
          "attributes": {
            "id": "/subscriptions/53171801-8b3f-4891-ab9b-934713e94009/resourceGroups/rg-technologie-chmurowe/providers/Microsoft.Network/networkInterfaces/tc-nic|/subscriptions/53171801-8b3f-4891-ab9b-934713e94009/resourceGroups/rg-technologie-chmurowe/providers/Microsoft.Network/networkSecurityGroups/tc-nsg",
            "network_interface_id": "/subscriptions/53171801-8b3f-4891-ab9b-934713e94009/resourceGroups/rg-technologie-chmurowe/providers/Microsoft.Network/networkInterfaces/tc-nic",
            "network_security_group_id": "/subscriptions/53171801-8b3f-4891-ab9b-934713e94009/resourceGroups/rg-technologie-chmurowe/providers/Microsoft.Network/networkSecurityGroups/tc-nsg",
            "timeouts": null
          },
          "sensitive_attributes": [],
          "identity_schema_version": 0,
          "private": "eyJlMmJmYjczMC1lY2FhLTExZTYtOGY4OC0zNDM2M2JjN2M0YzAiOnsiY3JlYXRlIjoxODAwMDAwMDAwMDAwLCJkZWxldGUiOjE4MDAwMDAwMDAwMDAsInJlYWQiOjMwMDAwMDAwMDAwMH19",
          "dependencies": [
            "azurerm_network_interface.main",
            "azurerm_network_security_group.main",
            "azurerm_public_ip.main",
            "azurerm_resource_group.main",
            "azurerm_subnet.main",
            "azurerm_virtual_network.main"
          ]
        }
      ]
    },
    {
      "mode": "managed",
      "type": "azurerm_network_security_group",
      "name": "main",
      "provider": "provider[\"registry.terraform.io/hashicorp/azurerm\"]",
      "instances": [
        {
          "schema_version": 0,
          "attributes": {
            "id": "/subscriptions/53171801-8b3f-4891-ab9b-934713e94009/resourceGroups/rg-technologie-chmurowe/providers/Microsoft.Network/networkSecurityGroups/tc-nsg",
            "location": "polandcentral",
            "name": "tc-nsg",
            "resource_group_name": "rg-technologie-chmurowe",
            "security_rule": [
              {
                "access": "Allow",
                "description": "",
                "destination_address_prefix": "*",
                "destination_address_prefixes": [],
                "destination_application_security_group_ids": [],
                "destination_port_range": "22",
                "destination_port_ranges": [],
                "direction": "Inbound",
                "name": "SSH",
                "priority": 1001,
                "protocol": "Tcp",
                "source_address_prefix": "*",
                "source_address_prefixes": [],
                "source_application_security_group_ids": [],
                "source_port_range": "*",
                "source_port_ranges": []
              },
              {
                "access": "Allow",
                "description": "",
                "destination_address_prefix": "*",
                "destination_address_prefixes": [],
                "destination_application_security_group_ids": [],
                "destination_port_range": "443",
                "destination_port_ranges": [],
                "direction": "Inbound",
                "name": "HTTPS",
                "priority": 1003,
                "protocol": "Tcp",
                "source_address_prefix": "*",
                "source_address_prefixes": [],
                "source_application_security_group_ids": [],
                "source_port_range": "*",
                "source_port_ranges": []
              },
              {
                "access": "Allow",
                "description": "",
                "destination_address_prefix": "*",
                "destination_address_prefixes": [],
                "destination_application_security_group_ids": [],
                "destination_port_range": "80",
                "destination_port_ranges": [],
                "direction": "Inbound",
                "name": "HTTP",
                "priority": 1002,
                "protocol": "Tcp",
                "source_address_prefix": "*",
                "source_address_prefixes": [],
                "source_application_security_group_ids": [],
                "source_port_range": "*",
                "source_port_ranges": []
              }
            ],
            "tags": {},
            "timeouts": null
          },
          "sensitive_attributes": [],
          "identity_schema_version": 0,
          "private": "eyJlMmJmYjczMC1lY2FhLTExZTYtOGY4OC0zNDM2M2JjN2M0YzAiOnsiY3JlYXRlIjoxODAwMDAwMDAwMDAwLCJkZWxldGUiOjE4MDAwMDAwMDAwMDAsInJlYWQiOjMwMDAwMDAwMDAwMCwidXBkYXRlIjoxODAwMDAwMDAwMDAwfX0=",
          "dependencies": [
            "azurerm_resource_group.main"
          ]
        }
      ]
    },
    {
      "mode": "managed",
      "type": "azurerm_public_ip",
      "name": "main",
      "provider": "provider[\"registry.terraform.io/hashicorp/azurerm\"]",
      "instances": [
        {
          "schema_version": 0,
          "attributes": {
            "allocation_method": "Static",
            "ddos_protection_mode": "VirtualNetworkInherited",
            "ddos_protection_plan_id": null,
            "domain_name_label": null,
            "edge_zone": "",
            "fqdn": null,
            "id": "/subscriptions/53171801-8b3f-4891-ab9b-934713e94009/resourceGroups/rg-technologie-chmurowe/providers/Microsoft.Network/publicIPAddresses/tc-pip",
            "idle_timeout_in_minutes": 4,
            "ip_address": "74.248.34.125",
            "ip_tags": {},
            "ip_version": "IPv4",
            "location": "polandcentral",
            "name": "tc-pip",
            "public_ip_prefix_id": null,
            "resource_group_name": "rg-technologie-chmurowe",
            "reverse_fqdn": null,
            "sku": "Standard",
            "sku_tier": "Regional",
            "tags": {},
            "timeouts": null,
            "zones": []
          },
          "sensitive_attributes": [],
          "identity_schema_version": 0,
          "private": "eyJlMmJmYjczMC1lY2FhLTExZTYtOGY4OC0zNDM2M2JjN2M0YzAiOnsiY3JlYXRlIjoxODAwMDAwMDAwMDAwLCJkZWxldGUiOjE4MDAwMDAwMDAwMDAsInJlYWQiOjMwMDAwMDAwMDAwMCwidXBkYXRlIjoxODAwMDAwMDAwMDAwfX0=",
          "dependencies": [
            "azurerm_resource_group.main"
          ]
        }
      ]
    },
    {
      "mode": "managed",
      "type": "azurerm_resource_group",
      "name": "main",
      "provider": "provider[\"registry.terraform.io/hashicorp/azurerm\"]",
      "instances": [
        {
          "schema_version": 0,
          "attributes": {
            "id": "/subscriptions/53171801-8b3f-4891-ab9b-934713e94009/resourceGroups/rg-technologie-chmurowe",
            "location": "polandcentral",
            "managed_by": "",
            "name": "rg-technologie-chmurowe",
            "tags": {},
            "timeouts": null
          },
          "sensitive_attributes": [],
          "identity_schema_version": 0,
          "private": "eyJlMmJmYjczMC1lY2FhLTExZTYtOGY4OC0zNDM2M2JjN2M0YzAiOnsiY3JlYXRlIjo1NDAwMDAwMDAwMDAwLCJkZWxldGUiOjU0MDAwMDAwMDAwMDAsInJlYWQiOjMwMDAwMDAwMDAwMCwidXBkYXRlIjo1NDAwMDAwMDAwMDAwfX0="
        }
      ]
    },
    {
      "mode": "managed",
      "type": "azurerm_subnet",
      "name": "main",
      "provider": "provider[\"registry.terraform.io/hashicorp/azurerm\"]",
      "instances": [
        {
          "schema_version": 0,
          "attributes": {
            "address_prefixes": [
              "10.0.1.0/24"
            ],
            "default_outbound_access_enabled": true,
            "delegation": [],
            "enforce_private_link_endpoint_network_policies": false,
            "enforce_private_link_service_network_policies": false,
            "id": "/subscriptions/53171801-8b3f-4891-ab9b-934713e94009/resourceGroups/rg-technologie-chmurowe/providers/Microsoft.Network/virtualNetworks/tc-vnet/subnets/tc-subnet",
            "name": "tc-subnet",
            "private_endpoint_network_policies": "Enabled",
            "private_endpoint_network_policies_enabled": true,
            "private_link_service_network_policies_enabled": true,
            "resource_group_name": "rg-technologie-chmurowe",
            "service_endpoint_policy_ids": [],
            "service_endpoints": [],
            "timeouts": null,
            "virtual_network_name": "tc-vnet"
          },
          "sensitive_attributes": [],
          "identity_schema_version": 0,
          "private": "eyJlMmJmYjczMC1lY2FhLTExZTYtOGY4OC0zNDM2M2JjN2M0YzAiOnsiY3JlYXRlIjoxODAwMDAwMDAwMDAwLCJkZWxldGUiOjE4MDAwMDAwMDAwMDAsInJlYWQiOjMwMDAwMDAwMDAwMCwidXBkYXRlIjoxODAwMDAwMDAwMDAwfX0=",
          "dependencies": [
            "azurerm_resource_group.main",
            "azurerm_virtual_network.main"
          ]
        }
      ]
    },
    {
      "mode": "managed",
      "type": "azurerm_virtual_network",
      "name": "main",
      "provider": "provider[\"registry.terraform.io/hashicorp/azurerm\"]",
      "instances": [
        {
          "schema_version": 0,
          "attributes": {
            "address_space": [
              "10.0.0.0/16"
            ],
            "bgp_community": "",
            "ddos_protection_plan": [],
            "dns_servers": [],
            "edge_zone": "",
            "encryption": [],
            "flow_timeout_in_minutes": 0,
            "guid": "0fa54668-6990-4782-b5f5-98e7a4435521",
            "id": "/subscriptions/53171801-8b3f-4891-ab9b-934713e94009/resourceGroups/rg-technologie-chmurowe/providers/Microsoft.Network/virtualNetworks/tc-vnet",
            "location": "polandcentral",
            "name": "tc-vnet",
            "resource_group_name": "rg-technologie-chmurowe",
            "subnet": [
              {
                "address_prefix": "10.0.1.0/24",
                "id": "/subscriptions/53171801-8b3f-4891-ab9b-934713e94009/resourceGroups/rg-technologie-chmurowe/providers/Microsoft.Network/virtualNetworks/tc-vnet/subnets/tc-subnet",
                "name": "tc-subnet",
                "security_group": ""
              }
            ],
            "tags": {},
            "timeouts": null
          },
          "sensitive_attributes": [],
          "identity_schema_version": 0,
          "private": "eyJlMmJmYjczMC1lY2FhLTExZTYtOGY4OC0zNDM2M2JjN2M0YzAiOnsiY3JlYXRlIjoxODAwMDAwMDAwMDAwLCJkZWxldGUiOjE4MDAwMDAwMDAwMDAsInJlYWQiOjMwMDAwMDAwMDAwMCwidXBkYXRlIjoxODAwMDAwMDAwMDAwfX0=",
          "dependencies": [
            "azurerm_resource_group.main"
          ]
        }
      ]
    }
  ],
  "check_results": null
}
